// !$*UTF8*$!
{
	archiveVersion = 1;
	classes = {
	};
	objectVersion = 50;
	objects = {

/* Begin PBXBuildFile section */
		CC85EA7925C88FC600234BD1 /* AppDelegate.swift in Sources */ = {isa = PBXBuildFile; fileRef = CC85EA7825C88FC600234BD1 /* AppDelegate.swift */; };
		CC85EA7B25C88FC600234BD1 /* SceneDelegate.swift in Sources */ = {isa = PBXBuildFile; fileRef = CC85EA7A25C88FC600234BD1 /* SceneDelegate.swift */; };
		CC85EA7D25C88FC600234BD1 /* ViewController.swift in Sources */ = {isa = PBXBuildFile; fileRef = CC85EA7C25C88FC600234BD1 /* ViewController.swift */; };
		CC85EA8025C88FC600234BD1 /* Main.storyboard in Resources */ = {isa = PBXBuildFile; fileRef = CC85EA7E25C88FC600234BD1 /* Main.storyboard */; };
		CC85EA8225C88FC700234BD1 /* Assets.xcassets in Resources */ = {isa = PBXBuildFile; fileRef = CC85EA8125C88FC700234BD1 /* Assets.xcassets */; };
		CC85EA8525C88FC700234BD1 /* LaunchScreen.storyboard in Resources */ = {isa = PBXBuildFile; fileRef = CC85EA8325C88FC700234BD1 /* LaunchScreen.storyboard */; };
		CC85EA9025C88FC700234BD1 /* test_appTests.swift in Sources */ = {isa = PBXBuildFile; fileRef = CC85EA8F25C88FC700234BD1 /* test_appTests.swift */; };
		CC85EA9B25C88FC700234BD1 /* test_appUITests.swift in Sources */ = {isa = PBXBuildFile; fileRef = CC85EA9A25C88FC700234BD1 /* test_appUITests.swift */; };
/* End PBXBuildFile section */

/* Begin PBXContainerItemProxy section */
		CC85EA8C25C88FC700234BD1 /* PBXContainerItemProxy */ = {
			isa = PBXContainerItemProxy;
			containerPortal = CC85EA6D25C88FC600234BD1 /* Project object */;
			proxyType = 1;
			remoteGlobalIDString = CC85EA7425C88FC600234BD1;
			remoteInfo = "test-app";
		};
		CC85EA9725C88FC700234BD1 /* PBXContainerItemProxy */ = {
			isa = PBXContainerItemProxy;
			containerPortal = CC85EA6D25C88FC600234BD1 /* Project object */;
			proxyType = 1;
			remoteGlobalIDString = CC85EA7425C88FC600234BD1;
			remoteInfo = "test-app";
		};
/* End PBXContainerItemProxy section */

/* Begin PBXFileReference section */
		CC85EA7525C88FC600234BD1 /* test-app.app */ = {isa = PBXFileReference; explicitFileType = wrapper.application; includeInIndex = 0; path = "test-app.app"; sourceTree = BUILT_PRODUCTS_DIR; };
		CC85EA7825C88FC600234BD1 /* AppDelegate.swift */ = {isa = PBXFileReference; lastKnownFileType = sourcecode.swift; path = AppDelegate.swift; sourceTree = "<group>"; };
		CC85EA7A25C88FC600234BD1 /* SceneDelegate.swift */ = {isa = PBXFileReference; lastKnownFileType = sourcecode.swift; path = SceneDelegate.swift; sourceTree = "<group>"; };
		CC85EA7C25C88FC600234BD1 /* ViewController.swift */ = {isa = PBXFileReference; lastKnownFileType = sourcecode.swift; path = ViewController.swift; sourceTree = "<group>"; };
		CC85EA7F25C88FC600234BD1 /* Base */ = {isa = PBXFileReference; lastKnownFileType = file.storyboard; name = Base; path = Base.lproj/Main.storyboard; sourceTree = "<group>"; };
		CC85EA8125C88FC700234BD1 /* Assets.xcassets */ = {isa = PBXFileReference; lastKnownFileType = folder.assetcatalog; path = Assets.xcassets; sourceTree = "<group>"; };
		CC85EA8425C88FC700234BD1 /* Base */ = {isa = PBXFileReference; lastKnownFileType = file.storyboard; name = Base; path = Base.lproj/LaunchScreen.storyboard; sourceTree = "<group>"; };
		CC85EA8625C88FC700234BD1 /* Info.plist */ = {isa = PBXFileReference; lastKnownFileType = text.plist.xml; path = Info.plist; sourceTree = "<group>"; };
		CC85EA8B25C88FC700234BD1 /* test-appTests.xctest */ = {isa = PBXFileReference; explicitFileType = wrapper.cfbundle; includeInIndex = 0; path = "test-appTests.xctest"; sourceTree = BUILT_PRODUCTS_DIR; };
		CC85EA8F25C88FC700234BD1 /* test_appTests.swift */ = {isa = PBXFileReference; lastKnownFileType = sourcecode.swift; path = test_appTests.swift; sourceTree = "<group>"; };
		CC85EA9125C88FC700234BD1 /* Info.plist */ = {isa = PBXFileReference; lastKnownFileType = text.plist.xml; path = Info.plist; sourceTree = "<group>"; };
		CC85EA9625C88FC700234BD1 /* test-appUITests.xctest */ = {isa = PBXFileReference; explicitFileType = wrapper.cfbundle; includeInIndex = 0; path = "test-appUITests.xctest"; sourceTree = BUILT_PRODUCTS_DIR; };
		CC85EA9A25C88FC700234BD1 /* test_appUITests.swift */ = {isa = PBXFileReference; lastKnownFileType = sourcecode.swift; path = test_appUITests.swift; sourceTree = "<group>"; };
		CC85EA9C25C88FC700234BD1 /* Info.plist */ = {isa = PBXFileReference; lastKnownFileType = text.plist.xml; path = Info.plist; sourceTree = "<group>"; };
/* End PBXFileReference section */

/* Begin PBXFrameworksBuildPhase section */
		CC85EA7225C88FC600234BD1 /* Frameworks */ = {
			isa = PBXFrameworksBuildPhase;
			buildActionMask = 2147483647;
			files = (
			);
			runOnlyForDeploymentPostprocessing = 0;
		};
		CC85EA8825C88FC700234BD1 /* Frameworks */ = {
			isa = PBXFrameworksBuildPhase;
			buildActionMask = 2147483647;
			files = (
			);
			runOnlyForDeploymentPostprocessing = 0;
		};
		CC85EA9325C88FC700234BD1 /* Frameworks */ = {
			isa = PBXFrameworksBuildPhase;
			buildActionMask = 2147483647;
			files = (
			);
			runOnlyForDeploymentPostprocessing = 0;
		};
/* End PBXFrameworksBuildPhase section */

/* Begin PBXGroup section */
		CC85EA6C25C88FC600234BD1 = {
			isa = PBXGroup;
			children = (
				CC85EA7725C88FC600234BD1 /* test-app */,
				CC85EA8E25C88FC700234BD1 /* test-appTests */,
				CC85EA9925C88FC700234BD1 /* test-appUITests */,
				CC85EA7625C88FC600234BD1 /* Products */,
			);
			sourceTree = "<group>";
		};
		CC85EA7625C88FC600234BD1 /* Products */ = {
			isa = PBXGroup;
			children = (
				CC85EA7525C88FC600234BD1 /* test-app.app */,
				CC85EA8B25C88FC700234BD1 /* test-appTests.xctest */,
				CC85EA9625C88FC700234BD1 /* test-appUITests.xctest */,
			);
			name = Products;
			sourceTree = "<group>";
		};
		CC85EA7725C88FC600234BD1 /* test-app */ = {
			isa = PBXGroup;
			children = (
				CC85EA7825C88FC600234BD1 /* AppDelegate.swift */,
				CC85EA7A25C88FC600234BD1 /* SceneDelegate.swift */,
				CC85EA7C25C88FC600234BD1 /* ViewController.swift */,
				CC85EA7E25C88FC600234BD1 /* Main.storyboard */,
				CC85EA8125C88FC700234BD1 /* Assets.xcassets */,
				CC85EA8325C88FC700234BD1 /* LaunchScreen.storyboard */,
				CC85EA8625C88FC700234BD1 /* Info.plist */,
			);
			path = "test-app";
			sourceTree = "<group>";
		};
		CC85EA8E25C88FC700234BD1 /* test-appTests */ = {
			isa = PBXGroup;
			children = (
				CC85EA8F25C88FC700234BD1 /* test_appTests.swift */,
				CC85EA9125C88FC700234BD1 /* Info.plist */,
			);
			path = "test-appTests";
			sourceTree = "<group>";
		};
		CC85EA9925C88FC700234BD1 /* test-appUITests */ = {
			isa = PBXGroup;
			children = (
				CC85EA9A25C88FC700234BD1 /* test_appUITests.swift */,
				CC85EA9C25C88FC700234BD1 /* Info.plist */,
			);
			path = "test-appUITests";
			sourceTree = "<group>";
		};
/* End PBXGroup section */

/* Begin PBXNativeTarget section */
		CC85EA7425C88FC600234BD1 /* test-app */ = {
			isa = PBXNativeTarget;
			buildConfigurationList = CC85EA9F25C88FC700234BD1 /* Build configuration list for PBXNativeTarget "test-app" */;
			buildPhases = (
				CC85EA7125C88FC600234BD1 /* Sources */,
				CC85EA7225C88FC600234BD1 /* Frameworks */,
				CC85EA7325C88FC600234BD1 /* Resources */,
			);
			buildRules = (
			);
			dependencies = (
			);
			name = "test-app";
			productName = "test-app";
			productReference = CC85EA7525C88FC600234BD1 /* test-app.app */;
			productType = "com.apple.product-type.application";
		};
		CC85EA8A25C88FC700234BD1 /* test-appTests */ = {
			isa = PBXNativeTarget;
			buildConfigurationList = CC85EAA225C88FC700234BD1 /* Build configuration list for PBXNativeTarget "test-appTests" */;
			buildPhases = (
				CC85EA8725C88FC700234BD1 /* Sources */,
				CC85EA8825C88FC700234BD1 /* Frameworks */,
				CC85EA8925C88FC700234BD1 /* Resources */,
			);
			buildRules = (
			);
			dependencies = (
				CC85EA8D25C88FC700234BD1 /* PBXTargetDependency */,
			);
			name = "test-appTests";
			productName = "test-appTests";
			productReference = CC85EA8B25C88FC700234BD1 /* test-appTests.xctest */;
			productType = "com.apple.product-type.bundle.unit-test";
		};
		CC85EA9525C88FC700234BD1 /* test-appUITests */ = {
			isa = PBXNativeTarget;
			buildConfigurationList = CC85EAA525C88FC700234BD1 /* Build configuration list for PBXNativeTarget "test-appUITests" */;
			buildPhases = (
				CC85EA9225C88FC700234BD1 /* Sources */,
				CC85EA9325C88FC700234BD1 /* Frameworks */,
				CC85EA9425C88FC700234BD1 /* Resources */,
			);
			buildRules = (
			);
			dependencies = (
				CC85EA9825C88FC700234BD1 /* PBXTargetDependency */,
			);
			name = "test-appUITests";
			productName = "test-appUITests";
			productReference = CC85EA9625C88FC700234BD1 /* test-appUITests.xctest */;
			productType = "com.apple.product-type.bundle.ui-testing";
		};
/* End PBXNativeTarget section */

/* Begin PBXProject section */
		CC85EA6D25C88FC600234BD1 /* Project object */ = {
			isa = PBXProject;
			attributes = {
				LastSwiftUpdateCheck = 1240;
				LastUpgradeCheck = 1240;
				TargetAttributes = {
					CC85EA7425C88FC600234BD1 = {
						CreatedOnToolsVersion = 12.4;
					};
					CC85EA8A25C88FC700234BD1 = {
						CreatedOnToolsVersion = 12.4;
						TestTargetID = CC85EA7425C88FC600234BD1;
					};
					CC85EA9525C88FC700234BD1 = {
						CreatedOnToolsVersion = 12.4;
						TestTargetID = CC85EA7425C88FC600234BD1;
					};
				};
			};
			buildConfigurationList = CC85EA7025C88FC600234BD1 /* Build configuration list for PBXProject "test-app" */;
			compatibilityVersion = "Xcode 9.3";
			developmentRegion = en;
			hasScannedForEncodings = 0;
			knownRegions = (
				en,
				Base,
			);
			mainGroup = CC85EA6C25C88FC600234BD1;
			productRefGroup = CC85EA7625C88FC600234BD1 /* Products */;
			projectDirPath = "";
			projectRoot = "";
			targets = (
				CC85EA7425C88FC600234BD1 /* test-app */,
				CC85EA8A25C88FC700234BD1 /* test-appTests */,
				CC85EA9525C88FC700234BD1 /* test-appUITests */,
			);
		};
/* End PBXProject section */

/* Begin PBXResourcesBuildPhase section */
		CC85EA7325C88FC600234BD1 /* Resources */ = {
			isa = PBXResourcesBuildPhase;
			buildActionMask = 2147483647;
			files = (
				CC85EA8525C88FC700234BD1 /* LaunchScreen.storyboard in Resources */,
				CC85EA8225C88FC700234BD1 /* Assets.xcassets in Resources */,
				CC85EA8025C88FC600234BD1 /* Main.storyboard in Resources */,
			);
			runOnlyForDeploymentPostprocessing = 0;
		};
		CC85EA8925C88FC700234BD1 /* Resources */ = {
			isa = PBXResourcesBuildPhase;
			buildActionMask = 2147483647;
			files = (
			);
			runOnlyForDeploymentPostprocessing = 0;
		};
		CC85EA9425C88FC700234BD1 /* Resources */ = {
			isa = PBXResourcesBuildPhase;
			buildActionMask = 2147483647;
			files = (
			);
			runOnlyForDeploymentPostprocessing = 0;
		};
/* End PBXResourcesBuildPhase section */

/* Begin PBXSourcesBuildPhase section */
		CC85EA7125C88FC600234BD1 /* Sources */ = {
			isa = PBXSourcesBuildPhase;
			buildActionMask = 2147483647;
			files = (
				CC85EA7D25C88FC600234BD1 /* ViewController.swift in Sources */,
				CC85EA7925C88FC600234BD1 /* AppDelegate.swift in Sources */,
				CC85EA7B25C88FC600234BD1 /* SceneDelegate.swift in Sources */,
			);
			runOnlyForDeploymentPostprocessing = 0;
		};
		CC85EA8725C88FC700234BD1 /* Sources */ = {
			isa = PBXSourcesBuildPhase;
			buildActionMask = 2147483647;
			files = (
				CC85EA9025C88FC700234BD1 /* test_appTests.swift in Sources */,
			);
			runOnlyForDeploymentPostprocessing = 0;
		};
		CC85EA9225C88FC700234BD1 /* Sources */ = {
			isa = PBXSourcesBuildPhase;
			buildActionMask = 2147483647;
			files = (
				CC85EA9B25C88FC700234BD1 /* test_appUITests.swift in Sources */,
			);
			runOnlyForDeploymentPostprocessing = 0;
		};
/* End PBXSourcesBuildPhase section */

/* Begin PBXTargetDependency section */
		CC85EA8D25C88FC700234BD1 /* PBXTargetDependency */ = {
			isa = PBXTargetDependency;
			target = CC85EA7425C88FC600234BD1 /* test-app */;
			targetProxy = CC85EA8C25C88FC700234BD1 /* PBXContainerItemProxy */;
		};
		CC85EA9825C88FC700234BD1 /* PBXTargetDependency */ = {
			isa = PBXTargetDependency;
			target = CC85EA7425C88FC600234BD1 /* test-app */;
			targetProxy = CC85EA9725C88FC700234BD1 /* PBXContainerItemProxy */;
		};
/* End PBXTargetDependency section */

/* Begin PBXVariantGroup section */
		CC85EA7E25C88FC600234BD1 /* Main.storyboard */ = {
			isa = PBXVariantGroup;
			children = (
				CC85EA7F25C88FC600234BD1 /* Base */,
			);
			name = Main.storyboard;
			sourceTree = "<group>";
		};
		CC85EA8325C88FC700234BD1 /* LaunchScreen.storyboard */ = {
			isa = PBXVariantGroup;
			children = (
				CC85EA8425C88FC700234BD1 /* Base */,
			);
			name = LaunchScreen.storyboard;
			sourceTree = "<group>";
		};
/* End PBXVariantGroup section */

/* Begin XCBuildConfiguration section */
		CC85EA9D25C88FC700234BD1 /* Debug */ = {
			isa = XCBuildConfiguration;
			buildSettings = {
				ALWAYS_SEARCH_USER_PATHS = NO;
				CLANG_ANALYZER_NONNULL = YES;
				CLANG_ANALYZER_NUMBER_OBJECT_CONVERSION = YES_AGGRESSIVE;
				CLANG_CXX_LANGUAGE_STANDARD = "gnu++14";
				CLANG_CXX_LIBRARY = "libc++";
				CLANG_ENABLE_MODULES = YES;
				CLANG_ENABLE_OBJC_ARC = YES;
				CLANG_ENABLE_OBJC_WEAK = YES;
				CLANG_WARN_BLOCK_CAPTURE_AUTORELEASING = YES;
				CLANG_WARN_BOOL_CONVERSION = YES;
				CLANG_WARN_COMMA = YES;
				CLANG_WARN_CONSTANT_CONVERSION = YES;
				CLANG_WARN_DEPRECATED_OBJC_IMPLEMENTATIONS = YES;
				CLANG_WARN_DIRECT_OBJC_ISA_USAGE = YES_ERROR;
				CLANG_WARN_DOCUMENTATION_COMMENTS = YES;
				CLANG_WARN_EMPTY_BODY = YES;
				CLANG_WARN_ENUM_CONVERSION = YES;
				CLANG_WARN_INFINITE_RECURSION = YES;
				CLANG_WARN_INT_CONVERSION = YES;
				CLANG_WARN_NON_LITERAL_NULL_CONVERSION = YES;
				CLANG_WARN_OBJC_IMPLICIT_RETAIN_SELF = YES;
				CLANG_WARN_OBJC_LITERAL_CONVERSION = YES;
				CLANG_WARN_OBJC_ROOT_CLASS = YES_ERROR;
				CLANG_WARN_QUOTED_INCLUDE_IN_FRAMEWORK_HEADER = YES;
				CLANG_WARN_RANGE_LOOP_ANALYSIS = YES;
				CLANG_WARN_STRICT_PROTOTYPES = YES;
				CLANG_WARN_SUSPICIOUS_MOVE = YES;
				CLANG_WARN_UNGUARDED_AVAILABILITY = YES_AGGRESSIVE;
				CLANG_WARN_UNREACHABLE_CODE = YES;
				CLANG_WARN__DUPLICATE_METHOD_MATCH = YES;
				COPY_PHASE_STRIP = NO;
				DEBUG_INFORMATION_FORMAT = dwarf;
				ENABLE_STRICT_OBJC_MSGSEND = YES;
				ENABLE_TESTABILITY = YES;
				GCC_C_LANGUAGE_STANDARD = gnu11;
				GCC_DYNAMIC_NO_PIC = NO;
				GCC_NO_COMMON_BLOCKS = YES;
				GCC_OPTIMIZATION_LEVEL = 0;
				GCC_PREPROCESSOR_DEFINITIONS = (
					"DEBUG=1",
					"$(inherited)",
				);
				GCC_WARN_64_TO_32_BIT_CONVERSION = YES;
				GCC_WARN_ABOUT_RETURN_TYPE = YES_ERROR;
				GCC_WARN_UNDECLARED_SELECTOR = YES;
				GCC_WARN_UNINITIALIZED_AUTOS = YES_AGGRESSIVE;
				GCC_WARN_UNUSED_FUNCTION = YES;
				GCC_WARN_UNUSED_VARIABLE = YES;
				IPHONEOS_DEPLOYMENT_TARGET = 14.4;
				MTL_ENABLE_DEBUG_INFO = INCLUDE_SOURCE;
				MTL_FAST_MATH = YES;
				ONLY_ACTIVE_ARCH = YES;
				SDKROOT = iphoneos;
				SWIFT_ACTIVE_COMPILATION_CONDITIONS = DEBUG;
				SWIFT_OPTIMIZATION_LEVEL = "-Onone";
			};
			name = Debug;
		};
		CC85EA9E25C88FC700234BD1 /* Release */ = {
			isa = XCBuildConfiguration;
			buildSettings = {
				ALWAYS_SEARCH_USER_PATHS = NO;
				CLANG_ANALYZER_NONNULL = YES;
				CLANG_ANALYZER_NUMBER_OBJECT_CONVERSION = YES_AGGRESSIVE;
				CLANG_CXX_LANGUAGE_STANDARD = "gnu++14";
				CLANG_CXX_LIBRARY = "libc++";
				CLANG_ENABLE_MODULES = YES;
				CLANG_ENABLE_OBJC_ARC = YES;
				CLANG_ENABLE_OBJC_WEAK = YES;
				CLANG_WARN_BLOCK_CAPTURE_AUTORELEASING = YES;
				CLANG_WARN_BOOL_CONVERSION = YES;
				CLANG_WARN_COMMA = YES;
				CLANG_WARN_CONSTANT_CONVERSION = YES;
				CLANG_WARN_DEPRECATED_OBJC_IMPLEMENTATIONS = YES;
				CLANG_WARN_DIRECT_OBJC_ISA_USAGE = YES_ERROR;
				CLANG_WARN_DOCUMENTATION_COMMENTS = YES;
				CLANG_WARN_EMPTY_BODY = YES;
				CLANG_WARN_ENUM_CONVERSION = YES;
				CLANG_WARN_INFINITE_RECURSION = YES;
				CLANG_WARN_INT_CONVERSION = YES;
				CLANG_WARN_NON_LITERAL_NULL_CONVERSION = YES;
				CLANG_WARN_OBJC_IMPLICIT_RETAIN_SELF = YES;
				CLANG_WARN_OBJC_LITERAL_CONVERSION = YES;
				CLANG_WARN_OBJC_ROOT_CLASS = YES_ERROR;
				CLANG_WARN_QUOTED_INCLUDE_IN_FRAMEWORK_HEADER = YES;
				CLANG_WARN_RANGE_LOOP_ANALYSIS = YES;
				CLANG_WARN_STRICT_PROTOTYPES = YES;
				CLANG_WARN_SUSPICIOUS_MOVE = YES;
				CLANG_WARN_UNGUARDED_AVAILABILITY = YES_AGGRESSIVE;
				CLANG_WARN_UNREACHABLE_CODE = YES;
				CLANG_WARN__DUPLICATE_METHOD_MATCH = YES;
				COPY_PHASE_STRIP = NO;
				DEBUG_INFORMATION_FORMAT = "dwarf-with-dsym";
				ENABLE_NS_ASSERTIONS = NO;
				ENABLE_STRICT_OBJC_MSGSEND = YES;
				GCC_C_LANGUAGE_STANDARD = gnu11;
				GCC_NO_COMMON_BLOCKS = YES;
				GCC_WARN_64_TO_32_BIT_CONVERSION = YES;
				GCC_WARN_ABOUT_RETURN_TYPE = YES_ERROR;
				GCC_WARN_UNDECLARED_SELECTOR = YES;
				GCC_WARN_UNINITIALIZED_AUTOS = YES_AGGRESSIVE;
				GCC_WARN_UNUSED_FUNCTION = YES;
				GCC_WARN_UNUSED_VARIABLE = YES;
				IPHONEOS_DEPLOYMENT_TARGET = 14.4;
				MTL_ENABLE_DEBUG_INFO = NO;
				MTL_FAST_MATH = YES;
				SDKROOT = iphoneos;
				SWIFT_COMPILATION_MODE = wholemodule;
				SWIFT_OPTIMIZATION_LEVEL = "-O";
				VALIDATE_PRODUCT = YES;
			};
			name = Release;
		};
		CC85EAA025C88FC700234BD1 /* Debug */ = {
			isa = XCBuildConfiguration;
			buildSettings = {
				ASSETCATALOG_COMPILER_APPICON_NAME = AppIcon;
				ASSETCATALOG_COMPILER_GLOBAL_ACCENT_COLOR_NAME = AccentColor;
				CODE_SIGN_STYLE = Automatic;
				INFOPLIST_FILE = "test-app/Info.plist";
				LD_RUNPATH_SEARCH_PATHS = (
					"$(inherited)",
					"@executable_path/Frameworks",
				);
				PRODUCT_BUNDLE_IDENTIFIER = "com.sparkstacks.test-app";
				PRODUCT_NAME = "$(TARGET_NAME)";
				SWIFT_VERSION = 5.0;
				TARGETED_DEVICE_FAMILY = "1,2";
			};
			name = Debug;
		};
		CC85EAA125C88FC700234BD1 /* Release */ = {
			isa = XCBuildConfiguration;
			buildSettings = {
				ASSETCATALOG_COMPILER_APPICON_NAME = AppIcon;
				ASSETCATALOG_COMPILER_GLOBAL_ACCENT_COLOR_NAME = AccentColor;
				CODE_SIGN_STYLE = Automatic;
				INFOPLIST_FILE = "test-app/Info.plist";
				LD_RUNPATH_SEARCH_PATHS = (
					"$(inherited)",
					"@executable_path/Frameworks",
				);
				PRODUCT_BUNDLE_IDENTIFIER = "com.sparkstacks.test-app";
				PRODUCT_NAME = "$(TARGET_NAME)";
				SWIFT_VERSION = 5.0;
				TARGETED_DEVICE_FAMILY = "1,2";
			};
			name = Release;
		};
		CC85EAA325C88FC700234BD1 /* Debug */ = {
			isa = XCBuildConfiguration;
			buildSettings = {
				ALWAYS_EMBED_SWIFT_STANDARD_LIBRARIES = YES;
				BUNDLE_LOADER = "$(TEST_HOST)";
				CODE_SIGN_STYLE = Automatic;
				INFOPLIST_FILE = "test-appTests/Info.plist";
				IPHONEOS_DEPLOYMENT_TARGET = 14.4;
				LD_RUNPATH_SEARCH_PATHS = (
					"$(inherited)",
					"@executable_path/Frameworks",
					"@loader_path/Frameworks",
				);
				PRODUCT_BUNDLE_IDENTIFIER = "com.sparkstacks.test-appTests";
				PRODUCT_NAME = "$(TARGET_NAME)";
				SWIFT_VERSION = 5.0;
				TARGETED_DEVICE_FAMILY = "1,2";
				TEST_HOST = "$(BUILT_PRODUCTS_DIR)/test-app.app/test-app";
			};
			name = Debug;
		};
		CC85EAA425C88FC700234BD1 /* Release */ = {
			isa = XCBuildConfiguration;
			buildSettings = {
				ALWAYS_EMBED_SWIFT_STANDARD_LIBRARIES = YES;
				BUNDLE_LOADER = "$(TEST_HOST)";
				CODE_SIGN_STYLE = Automatic;
				INFOPLIST_FILE = "test-appTests/Info.plist";
				IPHONEOS_DEPLOYMENT_TARGET = 14.4;
				LD_RUNPATH_SEARCH_PATHS = (
					"$(inherited)",
					"@executable_path/Frameworks",
					"@loader_path/Frameworks",
				);
				PRODUCT_BUNDLE_IDENTIFIER = "com.sparkstacks.test-appTests";
				PRODUCT_NAME = "$(TARGET_NAME)";
				SWIFT_VERSION = 5.0;
				TARGETED_DEVICE_FAMILY = "1,2";
				TEST_HOST = "$(BUILT_PRODUCTS_DIR)/test-app.app/test-app";
			};
			name = Release;
		};
		CC85EAA625C88FC700234BD1 /* Debug */ = {
			isa = XCBuildConfiguration;
			buildSettings = {
				ALWAYS_EMBED_SWIFT_STANDARD_LIBRARIES = YES;
				CODE_SIGN_STYLE = Automatic;
				INFOPLIST_FILE = "test-appUITests/Info.plist";
				LD_RUNPATH_SEARCH_PATHS = (
					"$(inherited)",
					"@executable_path/Frameworks",
					"@loader_path/Frameworks",
				);
				PRODUCT_BUNDLE_IDENTIFIER = "com.sparkstacks.test-appUITests";
				PRODUCT_NAME = "$(TARGET_NAME)";
				SWIFT_VERSION = 5.0;
				TARGETED_DEVICE_FAMILY = "1,2";
				TEST_TARGET_NAME = "test-app";
			};
			name = Debug;
		};
		CC85EAA725C88FC700234BD1 /* Release */ = {
			isa = XCBuildConfiguration;
			buildSettings = {
				ALWAYS_EMBED_SWIFT_STANDARD_LIBRARIES = YES;
				CODE_SIGN_STYLE = Automatic;
				INFOPLIST_FILE = "test-appUITests/Info.plist";
				LD_RUNPATH_SEARCH_PATHS = (
					"$(inherited)",
					"@executable_path/Frameworks",
					"@loader_path/Frameworks",
				);
				PRODUCT_BUNDLE_IDENTIFIER = "com.sparkstacks.test-appUITests";
				PRODUCT_NAME = "$(TARGET_NAME)";
				SWIFT_VERSION = 5.0;
				TARGETED_DEVICE_FAMILY = "1,2";
				TEST_TARGET_NAME = "test-app";
			};
			name = Release;
		};
/* End XCBuildConfiguration section */

/* Begin XCConfigurationList section */
		CC85EA7025C88FC600234BD1 /* Build configuration list for PBXProject "test-app" */ = {
			isa = XCConfigurationList;
			buildConfigurations = (
				CC85EA9D25C88FC700234BD1 /* Debug */,
				CC85EA9E25C88FC700234BD1 /* Release */,
			);
			defaultConfigurationIsVisible = 0;
			defaultConfigurationName = Release;
		};
		CC85EA9F25C88FC700234BD1 /* Build configuration list for PBXNativeTarget "test-app" */ = {
			isa = XCConfigurationList;
			buildConfigurations = (
				CC85EAA025C88FC700234BD1 /* Debug */,
				CC85EAA125C88FC700234BD1 /* Release */,
			);
			defaultConfigurationIsVisible = 0;
			defaultConfigurationName = Release;
		};
		CC85EAA225C88FC700234BD1 /* Build configuration list for PBXNativeTarget "test-appTests" */ = {
			isa = XCConfigurationList;
			buildConfigurations = (
				CC85EAA325C88FC700234BD1 /* Debug */,
				CC85EAA425C88FC700234BD1 /* Release */,
			);
			defaultConfigurationIsVisible = 0;
			defaultConfigurationName = Release;
		};
		CC85EAA525C88FC700234BD1 /* Build configuration list for PBXNativeTarget "test-appUITests" */ = {
			isa = XCConfigurationList;
			buildConfigurations = (
				CC85EAA625C88FC700234BD1 /* Debug */,
				CC85EAA725C88FC700234BD1 /* Release */,
			);
			defaultConfigurationIsVisible = 0;
			defaultConfigurationName = Release;
		};
/* End XCConfigurationList section */
	};
	rootObject = CC85EA6D25C88FC600234BD1 /* Project object */;
}
